
Microsoft Visual Studio Solution File, Format Version 12.00
# Visual Studio Version 17
VisualStudioVersion = 17.0.31903.59
MinimumVisualStudioVersion = 10.0.40219.1
Project("{2150E333-8FDC-42A3-9474-1A3956D46DE8}") = "src", "src", "{827E0CD3-B72D-47B6-A68D-7590B98EB39B}"
EndProject
Project("{FAE04EC0-301F-11D3-BF4B-00C04F79EFBC}") = "Contracts", "src\Contracts\Contracts.csproj", "{CBEC1C4D-B82B-4435-8CF3-C7A3D2BCE828}"
EndProject
Project("{FAE04EC0-301F-11D3-BF4B-00C04F79EFBC}") = "Tournament.Domain", "src\Tournament.Domain\Tournament.Domain.csproj", "{FE37AE78-807B-407B-8D60-935395149909}"
EndProject
Project("{FAE04EC0-301F-11D3-BF4B-00C04F79EFBC}") = "Tournament.Application", "src\Tournament.Application\Tournament.Application.csproj", "{5F62FBC7-23E7-4E8B-98FC-8B8D1561E97F}"
EndProject
Project("{FAE04EC0-301F-11D3-BF4B-00C04F79EFBC}") = "Tournament.Infrastructure", "src\Tournament.Infrastructure\Tournament.Infrastructure.csproj", "{336ED256-F76A-423A-AFF8-D2AB7ADF1FD0}"
EndProject
Project("{FAE04EC0-301F-11D3-BF4B-00C04F79EFBC}") = "Tournament.Api", "src\Tournament.Api\Tournament.Api.csproj", "{57C6997E-B11D-4B90-A18F-19079C73DF90}"
EndProject
Project("{FAE04EC0-301F-11D3-BF4B-00C04F79EFBC}") = "Simulator.Worker", "src\Simulator.Worker\Simulator.Worker.csproj", "{6F5BDFA1-F1D4-46F3-98A5-5B8AE872CDC7}"
EndProject
Project("{FAE04EC0-301F-11D3-BF4B-00C04F79EFBC}") = "Tournament.Application.Tests", "tests\Tournament.Application.Tests\Tournament.Application.Tests.csproj", "{C8E99D85-62EB-4351-97F5-DFF8E807019D}"
EndProject
Project("{FAE04EC0-301F-11D3-BF4B-00C04F79EFBC}") = "Simulator.Worker.Tests", "tests\Simulator.Worker.Tests\Simulator.Worker.Tests.csproj", "{A8309179-C7CA-4DEF-B5A9-6E74D2DE902F}"
EndProject
Global
	GlobalSection(SolutionConfigurationPlatforms) = preSolution
		Debug|Any CPU = Debug|Any CPU
		Debug|x64 = Debug|x64
		Debug|x86 = Debug|x86
		Release|Any CPU = Release|Any CPU
		Release|x64 = Release|x64
		Release|x86 = Release|x86
	EndGlobalSection
	GlobalSection(ProjectConfigurationPlatforms) = postSolution
		{CBEC1C4D-B82B-4435-8CF3-C7A3D2BCE828}.Debug|Any CPU.ActiveCfg = Debug|Any CPU
		{CBEC1C4D-B82B-4435-8CF3-C7A3D2BCE828}.Debug|Any CPU.Build.0 = Debug|Any CPU
		{CBEC1C4D-B82B-4435-8CF3-C7A3D2BCE828}.Debug|x64.ActiveCfg = Debug|Any CPU
		{CBEC1C4D-B82B-4435-8CF3-C7A3D2BCE828}.Debug|x64.Build.0 = Debug|Any CPU
		{CBEC1C4D-B82B-4435-8CF3-C7A3D2BCE828}.Debug|x86.ActiveCfg = Debug|Any CPU
		{CBEC1C4D-B82B-4435-8CF3-C7A3D2BCE828}.Debug|x86.Build.0 = Debug|Any CPU
		{CBEC1C4D-B82B-4435-8CF3-C7A3D2BCE828}.Release|Any CPU.ActiveCfg = Release|Any CPU
		{CBEC1C4D-B82B-4435-8CF3-C7A3D2BCE828}.Release|Any CPU.Build.0 = Release|Any CPU
		{CBEC1C4D-B82B-4435-8CF3-C7A3D2BCE828}.Release|x64.ActiveCfg = Release|Any CPU
		{CBEC1C4D-B82B-4435-8CF3-C7A3D2BCE828}.Release|x64.Build.0 = Release|Any CPU
		{CBEC1C4D-B82B-4435-8CF3-C7A3D2BCE828}.Release|x86.ActiveCfg = Release|Any CPU
		{CBEC1C4D-B82B-4435-8CF3-C7A3D2BCE828}.Release|x86.Build.0 = Release|Any CPU
		{FE37AE78-807B-407B-8D60-935395149909}.Debug|Any CPU.ActiveCfg = Debug|Any CPU
		{FE37AE78-807B-407B-8D60-935395149909}.Debug|Any CPU.Build.0 = Debug|Any CPU
		{FE37AE78-807B-407B-8D60-935395149909}.Debug|x64.ActiveCfg = Debug|Any CPU
		{FE37AE78-807B-407B-8D60-935395149909}.Debug|x64.Build.0 = Debug|Any CPU
		{FE37AE78-807B-407B-8D60-935395149909}.Debug|x86.ActiveCfg = Debug|Any CPU
		{FE37AE78-807B-407B-8D60-935395149909}.Debug|x86.Build.0 = Debug|Any CPU
		{FE37AE78-807B-407B-8D60-935395149909}.Release|Any CPU.ActiveCfg = Release|Any CPU
		{FE37AE78-807B-407B-8D60-935395149909}.Release|Any CPU.Build.0 = Release|Any CPU
		{FE37AE78-807B-407B-8D60-935395149909}.Release|x64.ActiveCfg = Release|Any CPU
		{FE37AE78-807B-407B-8D60-935395149909}.Release|x64.Build.0 = Release|Any CPU
		{FE37AE78-807B-407B-8D60-935395149909}.Release|x86.ActiveCfg = Release|Any CPU
		{FE37AE78-807B-407B-8D60-935395149909}.Release|x86.Build.0 = Release|Any CPU
		{5F62FBC7-23E7-4E8B-98FC-8B8D1561E97F}.Debug|Any CPU.ActiveCfg = Debug|Any CPU
		{5F62FBC7-23E7-4E8B-98FC-8B8D1561E97F}.Debug|Any CPU.Build.0 = Debug|Any CPU
		{5F62FBC7-23E7-4E8B-98FC-8B8D1561E97F}.Debug|x64.ActiveCfg = Debug|Any CPU
		{5F62FBC7-23E7-4E8B-98FC-8B8D1561E97F}.Debug|x64.Build.0 = Debug|Any CPU
		{5F62FBC7-23E7-4E8B-98FC-8B8D1561E97F}.Debug|x86.ActiveCfg = Debug|Any CPU
		{5F62FBC7-23E7-4E8B-98FC-8B8D1561E97F}.Debug|x86.Build.0 = Debug|Any CPU
		{5F62FBC7-23E7-4E8B-98FC-8B8D1561E97F}.Release|Any CPU.ActiveCfg = Release|Any CPU
		{5F62FBC7-23E7-4E8B-98FC-8B8D1561E97F}.Release|Any CPU.Build.0 = Release|Any CPU
		{5F62FBC7-23E7-4E8B-98FC-8B8D1561E97F}.Release|x64.ActiveCfg = Release|Any CPU
		{5F62FBC7-23E7-4E8B-98FC-8B8D1561E97F}.Release|x64.Build.0 = Release|Any CPU
		{5F62FBC7-23E7-4E8B-98FC-8B8D1561E97F}.Release|x86.ActiveCfg = Release|Any CPU
		{5F62FBC7-23E7-4E8B-98FC-8B8D1561E97F}.Release|x86.Build.0 = Release|Any CPU
		{336ED256-F76A-423A-AFF8-D2AB7ADF1FD0}.Debug|Any CPU.ActiveCfg = Debug|Any CPU
		{336ED256-F76A-423A-AFF8-D2AB7ADF1FD0}.Debug|Any CPU.Build.0 = Debug|Any CPU
		{336ED256-F76A-423A-AFF8-D2AB7ADF1FD0}.Debug|x64.ActiveCfg = Debug|Any CPU
		{336ED256-F76A-423A-AFF8-D2AB7ADF1FD0}.Debug|x64.Build.0 = Debug|Any CPU
		{336ED256-F76A-423A-AFF8-D2AB7ADF1FD0}.Debug|x86.ActiveCfg = Debug|Any CPU
		{336ED256-F76A-423A-AFF8-D2AB7ADF1FD0}.Debug|x86.Build.0 = Debug|Any CPU
		{336ED256-F76A-423A-AFF8-D2AB7ADF1FD0}.Release|Any CPU.ActiveCfg = Release|Any CPU
		{336ED256-F76A-423A-AFF8-D2AB7ADF1FD0}.Release|Any CPU.Build.0 = Release|Any CPU
		{336ED256-F76A-423A-AFF8-D2AB7ADF1FD0}.Release|x64.ActiveCfg = Release|Any CPU
		{336ED256-F76A-423A-AFF8-D2AB7ADF1FD0}.Release|x64.Build.0 = Release|Any CPU
		{336ED256-F76A-423A-AFF8-D2AB7ADF1FD0}.Release|x86.ActiveCfg = Release|Any CPU
		{336ED256-F76A-423A-AFF8-D2AB7ADF1FD0}.Release|x86.Build.0 = Release|Any CPU
		{57C6997E-B11D-4B90-A18F-19079C73DF90}.Debug|Any CPU.ActiveCfg = Debug|Any CPU
		{57C6997E-B11D-4B90-A18F-19079C73DF90}.Debug|Any CPU.Build.0 = Debug|Any CPU
		{57C6997E-B11D-4B90-A18F-19079C73DF90}.Debug|x64.ActiveCfg = Debug|Any CPU
		{57C6997E-B11D-4B90-A18F-19079C73DF90}.Debug|x64.Build.0 = Debug|Any CPU
		{57C6997E-B11D-4B90-A18F-19079C73DF90}.Debug|x86.ActiveCfg = Debug|Any CPU
		{57C6997E-B11D-4B90-A18F-19079C73DF90}.Debug|x86.Build.0 = Debug|Any CPU
		{57C6997E-B11D-4B90-A18F-19079C73DF90}.Release|Any CPU.ActiveCfg = Release|Any CPU
		{57C6997E-B11D-4B90-A18F-19079C73DF90}.Release|Any CPU.Build.0 = Release|Any CPU
		{57C6997E-B11D-4B90-A18F-19079C73DF90}.Release|x64.ActiveCfg = Release|Any CPU
		{57C6997E-B11D-4B90-A18F-19079C73DF90}.Release|x64.Build.0 = Release|Any CPU
		{57C6997E-B11D-4B90-A18F-19079C73DF90}.Release|x86.ActiveCfg = Release|Any CPU
		{57C6997E-B11D-4B90-A18F-19079C73DF90}.Release|x86.Build.0 = Release|Any CPU
		{6F5BDFA1-F1D4-46F3-98A5-5B8AE872CDC7}.Debug|Any CPU.ActiveCfg = Debug|Any CPU
		{6F5BDFA1-F1D4-46F3-98A5-5B8AE872CDC7}.Debug|Any CPU.Build.0 = Debug|Any CPU
		{6F5BDFA1-F1D4-46F3-98A5-5B8AE872CDC7}.Debug|x64.ActiveCfg = Debug|Any CPU
		{6F5BDFA1-F1D4-46F3-98A5-5B8AE872CDC7}.Debug|x64.Build.0 = Debug|Any CPU
		{6F5BDFA1-F1D4-46F3-98A5-5B8AE872CDC7}.Debug|x86.ActiveCfg = Debug|Any CPU
		{6F5BDFA1-F1D4-46F3-98A5-5B8AE872CDC7}.Debug|x86.Build.0 = Debug|Any CPU
		{6F5BDFA1-F1D4-46F3-98A5-5B8AE872CDC7}.Release|Any CPU.ActiveCfg = Release|Any CPU
		{6F5BDFA1-F1D4-46F3-98A5-5B8AE872CDC7}.Release|Any CPU.Build.0 = Release|Any CPU
		{6F5BDFA1-F1D4-46F3-98A5-5B8AE872CDC7}.Release|x64.ActiveCfg = Release|Any CPU
		{6F5BDFA1-F1D4-46F3-98A5-5B8AE872CDC7}.Release|x64.Build.0 = Release|Any CPU
		{6F5BDFA1-F1D4-46F3-98A5-5B8AE872CDC7}.Release|x86.ActiveCfg = Release|Any CPU
		{6F5BDFA1-F1D4-46F3-98A5-5B8AE872CDC7}.Release|x86.Build.0 = Release|Any CPU
		{C8E99D85-62EB-4351-97F5-DFF8E807019D}.Debug|Any CPU.ActiveCfg = Debug|Any CPU
		{C8E99D85-62EB-4351-97F5-DFF8E807019D}.Debug|Any CPU.Build.0 = Debug|Any CPU
		{C8E99D85-62EB-4351-97F5-DFF8E807019D}.Debug|x64.ActiveCfg = Debug|Any CPU
		{C8E99D85-62EB-4351-97F5-DFF8E807019D}.Debug|x64.Build.0 = Debug|Any CPU
		{C8E99D85-62EB-4351-97F5-DFF8E807019D}.Debug|x86.ActiveCfg = Debug|Any CPU
		{C8E99D85-62EB-4351-97F5-DFF8E807019D}.Debug|x86.Build.0 = Debug|Any CPU
		{C8E99D85-62EB-4351-97F5-DFF8E807019D}.Release|Any CPU.ActiveCfg = Release|Any CPU
		{C8E99D85-62EB-4351-97F5-DFF8E807019D}.Release|Any CPU.Build.0 = Release|Any CPU
		{C8E99D85-62EB-4351-97F5-DFF8E807019D}.Release|x64.ActiveCfg = Release|Any CPU
		{C8E99D85-62EB-4351-97F5-DFF8E807019D}.Release|x64.Build.0 = Release|Any CPU
		{C8E99D85-62EB-4351-97F5-DFF8E807019D}.Release|x86.ActiveCfg = Release|Any CPU
		{C8E99D85-62EB-4351-97F5-DFF8E807019D}.Release|x86.Build.0 = Release|Any CPU
		{A8309179-C7CA-4DEF-B5A9-6E74D2DE902F}.Debug|Any CPU.ActiveCfg = Debug|Any CPU
		{A8309179-C7CA-4DEF-B5A9-6E74D2DE902F}.Debug|Any CPU.Build.0 = Debug|Any CPU
		{A8309179-C7CA-4DEF-B5A9-6E74D2DE902F}.Debug|x64.ActiveCfg = Debug|Any CPU
		{A8309179-C7CA-4DEF-B5A9-6E74D2DE902F}.Debug|x64.Build.0 = Debug|Any CPU
		{A8309179-C7CA-4DEF-B5A9-6E74D2DE902F}.Debug|x86.ActiveCfg = Debug|Any CPU
		{A8309179-C7CA-4DEF-B5A9-6E74D2DE902F}.Debug|x86.Build.0 = Debug|Any CPU
		{A8309179-C7CA-4DEF-B5A9-6E74D2DE902F}.Release|Any CPU.ActiveCfg = Release|Any CPU
		{A8309179-C7CA-4DEF-B5A9-6E74D2DE902F}.Release|Any CPU.Build.0 = Release|Any CPU
		{A8309179-C7CA-4DEF-B5A9-6E74D2DE902F}.Release|x64.ActiveCfg = Release|Any CPU
		{A8309179-C7CA-4DEF-B5A9-6E74D2DE902F}.Release|x64.Build.0 = Release|Any CPU
		{A8309179-C7CA-4DEF-B5A9-6E74D2DE902F}.Release|x86.ActiveCfg = Release|Any CPU
		{A8309179-C7CA-4DEF-B5A9-6E74D2DE902F}.Release|x86.Build.0 = Release|Any CPU
	EndGlobalSection
	GlobalSection(SolutionProperties) = preSolution
		HideSolutionNode = FALSE
	EndGlobalSection
	GlobalSection(NestedProjects) = preSolution
		{CBEC1C4D-B82B-4435-8CF3-C7A3D2BCE828} = {827E0CD3-B72D-47B6-A68D-7590B98EB39B}
		{FE37AE78-807B-407B-8D60-935395149909} = {827E0CD3-B72D-47B6-A68D-7590B98EB39B}
		{5F62FBC7-23E7-4E8B-98FC-8B8D1561E97F} = {827E0CD3-B72D-47B6-A68D-7590B98EB39B}
		{336ED256-F76A-423A-AFF8-D2AB7ADF1FD0} = {827E0CD3-B72D-47B6-A68D-7590B98EB39B}
		{57C6997E-B11D-4B90-A18F-19079C73DF90} = {827E0CD3-B72D-47B6-A68D-7590B98EB39B}
		{6F5BDFA1-F1D4-46F3-98A5-5B8AE872CDC7} = {827E0CD3-B72D-47B6-A68D-7590B98EB39B}
		{C8E99D85-62EB-4351-97F5-DFF8E807019D} = {827E0CD3-B72D-47B6-A68D-7590B98EB39B}
		{A8309179-C7CA-4DEF-B5A9-6E74D2DE902F} = {827E0CD3-B72D-47B6-A68D-7590B98EB39B}
	EndGlobalSection
EndGlobal
